
Microsoft Visual Studio Solution File, Format Version 12.00
# Visual Studio Version 17
VisualStudioVersion = 17.6.33717.318
MinimumVisualStudioVersion = 10.0.40219.1
Project("{8BC9CEB8-8B4A-11D0-8D11-00A0C91BC942}") = "RSA", "RSA\RSA.vcxproj", "{24687DFB-FE33-47C6-8946-5E3B142DBC82}"
EndProject
Global
	GlobalSection(SolutionConfigurationPlatforms) = preSolution
		Debug|x64 = Debug|x64
		Debug|x86 = Debug|x86
		Release|x64 = Release|x64
		Release|x86 = Release|x86
	EndGlobalSection
	GlobalSection(ProjectConfigurationPlatforms) = postSolution
		{24687DFB-FE33-47C6-8946-5E3B142DBC82}.Debug|x64.ActiveCfg = Debug|x64
		{24687DFB-FE33-47C6-8946-5E3B142DBC82}.Debug|x64.Build.0 = Debug|x64
		{24687DFB-FE33-47C6-8946-5E3B142DBC82}.Debug|x86.ActiveCfg = Debug|Win32
		{24687DFB-FE33-47C6-8946-5E3B142DBC82}.Debug|x86.Build.0 = Debug|Win32
		{24687DFB-FE33-47C6-8946-5E3B142DBC82}.Release|x64.ActiveCfg = Release|x64
		{24687DFB-FE33-47C6-8946-5E3B142DBC82}.Release|x64.Build.0 = Release|x64
		{24687DFB-FE33-47C6-8946-5E3B142DBC82}.Release|x86.ActiveCfg = Release|Win32
		{24687DFB-FE33-47C6-8946-5E3B142DBC82}.Release|x86.Build.0 = Release|Win32
	EndGlobalSection
	GlobalSection(SolutionProperties) = preSolution
		HideSolutionNode = FALSE
	EndGlobalSection
	GlobalSection(ExtensibilityGlobals) = postSolution
		SolutionGuid = {EA169F6C-97B8-4DF4-A646-A3A267D4EB7D}
	EndGlobalSection
EndGlobal
